// !$*UTF8*$!
{
	archiveVersion = 1;
	classes = {
	};
	objectVersion = 56;
	objects = {

/* Begin PBXBuildFile section */
		3EA47BDD29F3DDFE0091AE90 /* AppDelegate.swift in Sources */ = {isa = PBXBuildFile; fileRef = 3EA47BDC29F3DDFE0091AE90 /* AppDelegate.swift */; };
		3EA47BDF29F3DDFE0091AE90 /* SceneDelegate.swift in Sources */ = {isa = PBXBuildFile; fileRef = 3EA47BDE29F3DDFE0091AE90 /* SceneDelegate.swift */; };
		3EA47BE629F3DDFF0091AE90 /* Assets.xcassets in Resources */ = {isa = PBXBuildFile; fileRef = 3EA47BE529F3DDFF0091AE90 /* Assets.xcassets */; };
		3EA47BE929F3DDFF0091AE90 /* LaunchScreen.storyboard in Resources */ = {isa = PBXBuildFile; fileRef = 3EA47BE729F3DDFF0091AE90 /* LaunchScreen.storyboard */; };
		3EA47BF429F3DDFF0091AE90 /* Test1Tests.swift in Sources */ = {isa = PBXBuildFile; fileRef = 3EA47BF329F3DDFF0091AE90 /* Test1Tests.swift */; };
		3EA47BFE29F3DDFF0091AE90 /* Test1UITests.swift in Sources */ = {isa = PBXBuildFile; fileRef = 3EA47BFD29F3DDFF0091AE90 /* Test1UITests.swift */; };
		3EA47C0029F3DDFF0091AE90 /* Test1UITestsLaunchTests.swift in Sources */ = {isa = PBXBuildFile; fileRef = 3EA47BFF29F3DDFF0091AE90 /* Test1UITestsLaunchTests.swift */; };
		3EA47C1229F3E23E0091AE90 /* TestView.swift in Sources */ = {isa = PBXBuildFile; fileRef = 3EA47C0D29F3E23E0091AE90 /* TestView.swift */; };
		3EA47C1729F3E2500091AE90 /* ViewController.swift in Sources */ = {isa = PBXBuildFile; fileRef = 3EA47C1629F3E2500091AE90 /* ViewController.swift */; };
		3EA47C2529F401400091AE90 /* ExampleTinkoffListItem.swift in Sources */ = {isa = PBXBuildFile; fileRef = 3EA47C2429F401400091AE90 /* ExampleTinkoffListItem.swift */; };
		3EA47C3229F41CF60091AE90 /* Tinkoff23-Final in Frameworks */ = {isa = PBXBuildFile; productRef = 3EA47C3129F41CF60091AE90 /* Tinkoff23-Final */; };
		3EA47C3429F41F3B0091AE90 /* UIStackView+extension.swift in Sources */ = {isa = PBXBuildFile; fileRef = 3EA47C3329F41F3B0091AE90 /* UIStackView+extension.swift */; };
/* End PBXBuildFile section */

/* Begin PBXContainerItemProxy section */
		3EA47BF029F3DDFF0091AE90 /* PBXContainerItemProxy */ = {
			isa = PBXContainerItemProxy;
			containerPortal = 3EA47BD129F3DDFE0091AE90 /* Project object */;
			proxyType = 1;
			remoteGlobalIDString = 3EA47BD829F3DDFE0091AE90;
			remoteInfo = Test1;
		};
		3EA47BFA29F3DDFF0091AE90 /* PBXContainerItemProxy */ = {
			isa = PBXContainerItemProxy;
			containerPortal = 3EA47BD129F3DDFE0091AE90 /* Project object */;
			proxyType = 1;
			remoteGlobalIDString = 3EA47BD829F3DDFE0091AE90;
			remoteInfo = Test1;
		};
/* End PBXContainerItemProxy section */

/* Begin PBXFileReference section */
		3EA47BD929F3DDFE0091AE90 /* Test1.app */ = {isa = PBXFileReference; explicitFileType = wrapper.application; includeInIndex = 0; path = Test1.app; sourceTree = BUILT_PRODUCTS_DIR; };
		3EA47BDC29F3DDFE0091AE90 /* AppDelegate.swift */ = {isa = PBXFileReference; lastKnownFileType = sourcecode.swift; path = AppDelegate.swift; sourceTree = "<group>"; };
		3EA47BDE29F3DDFE0091AE90 /* SceneDelegate.swift */ = {isa = PBXFileReference; lastKnownFileType = sourcecode.swift; path = SceneDelegate.swift; sourceTree = "<group>"; };
		3EA47BE529F3DDFF0091AE90 /* Assets.xcassets */ = {isa = PBXFileReference; lastKnownFileType = folder.assetcatalog; path = Assets.xcassets; sourceTree = "<group>"; };
		3EA47BE829F3DDFF0091AE90 /* Base */ = {isa = PBXFileReference; lastKnownFileType = file.storyboard; name = Base; path = Base.lproj/LaunchScreen.storyboard; sourceTree = "<group>"; };
		3EA47BEA29F3DDFF0091AE90 /* Info.plist */ = {isa = PBXFileReference; lastKnownFileType = text.plist.xml; path = Info.plist; sourceTree = "<group>"; };
		3EA47BEF29F3DDFF0091AE90 /* Test1Tests.xctest */ = {isa = PBXFileReference; explicitFileType = wrapper.cfbundle; includeInIndex = 0; path = Test1Tests.xctest; sourceTree = BUILT_PRODUCTS_DIR; };
		3EA47BF329F3DDFF0091AE90 /* Test1Tests.swift */ = {isa = PBXFileReference; lastKnownFileType = sourcecode.swift; path = Test1Tests.swift; sourceTree = "<group>"; };
		3EA47BF929F3DDFF0091AE90 /* Test1UITests.xctest */ = {isa = PBXFileReference; explicitFileType = wrapper.cfbundle; includeInIndex = 0; path = Test1UITests.xctest; sourceTree = BUILT_PRODUCTS_DIR; };
		3EA47BFD29F3DDFF0091AE90 /* Test1UITests.swift */ = {isa = PBXFileReference; lastKnownFileType = sourcecode.swift; path = Test1UITests.swift; sourceTree = "<group>"; };
		3EA47BFF29F3DDFF0091AE90 /* Test1UITestsLaunchTests.swift */ = {isa = PBXFileReference; lastKnownFileType = sourcecode.swift; path = Test1UITestsLaunchTests.swift; sourceTree = "<group>"; };
		3EA47C0D29F3E23E0091AE90 /* TestView.swift */ = {isa = PBXFileReference; fileEncoding = 4; lastKnownFileType = sourcecode.swift; path = TestView.swift; sourceTree = "<group>"; };
		3EA47C1629F3E2500091AE90 /* ViewController.swift */ = {isa = PBXFileReference; fileEncoding = 4; lastKnownFileType = sourcecode.swift; path = ViewController.swift; sourceTree = "<group>"; };
		3EA47C2429F401400091AE90 /* ExampleTinkoffListItem.swift */ = {isa = PBXFileReference; lastKnownFileType = sourcecode.swift; path = ExampleTinkoffListItem.swift; sourceTree = "<group>"; };
		3EA47C2F29F41CA20091AE90 /* Tinkoff23-Final */ = {isa = PBXFileReference; lastKnownFileType = wrapper; name = "Tinkoff23-Final"; path = "../Tinkoff23-Final"; sourceTree = "<group>"; };
		3EA47C3329F41F3B0091AE90 /* UIStackView+extension.swift */ = {isa = PBXFileReference; fileEncoding = 4; lastKnownFileType = sourcecode.swift; path = "UIStackView+extension.swift"; sourceTree = "<group>"; };
/* End PBXFileReference section */

/* Begin PBXFrameworksBuildPhase section */
		3EA47BD629F3DDFE0091AE90 /* Frameworks */ = {
			isa = PBXFrameworksBuildPhase;
			buildActionMask = 2147483647;
			files = (
				3EA47C3229F41CF60091AE90 /* Tinkoff23-Final in Frameworks */,
			);
			runOnlyForDeploymentPostprocessing = 0;
		};
		3EA47BEC29F3DDFF0091AE90 /* Frameworks */ = {
			isa = PBXFrameworksBuildPhase;
			buildActionMask = 2147483647;
			files = (
			);
			runOnlyForDeploymentPostprocessing = 0;
		};
		3EA47BF629F3DDFF0091AE90 /* Frameworks */ = {
			isa = PBXFrameworksBuildPhase;
			buildActionMask = 2147483647;
			files = (
			);
			runOnlyForDeploymentPostprocessing = 0;
		};
/* End PBXFrameworksBuildPhase section */

/* Begin PBXGroup section */
		3EA47BD029F3DDFE0091AE90 = {
			isa = PBXGroup;
			children = (
				3EA47C2E29F41CA20091AE90 /* Packages */,
				3EA47BDB29F3DDFE0091AE90 /* Test1 */,
				3EA47BF229F3DDFF0091AE90 /* Test1Tests */,
				3EA47BFC29F3DDFF0091AE90 /* Test1UITests */,
				3EA47BDA29F3DDFE0091AE90 /* Products */,
				3EA47C3029F41CF60091AE90 /* Frameworks */,
			);
			sourceTree = "<group>";
		};
		3EA47BDA29F3DDFE0091AE90 /* Products */ = {
			isa = PBXGroup;
			children = (
				3EA47BD929F3DDFE0091AE90 /* Test1.app */,
				3EA47BEF29F3DDFF0091AE90 /* Test1Tests.xctest */,
				3EA47BF929F3DDFF0091AE90 /* Test1UITests.xctest */,
			);
			name = Products;
			sourceTree = "<group>";
		};
		3EA47BDB29F3DDFE0091AE90 /* Test1 */ = {
			isa = PBXGroup;
			children = (
				3EA47C3329F41F3B0091AE90 /* UIStackView+extension.swift */,
				3EA47BDC29F3DDFE0091AE90 /* AppDelegate.swift */,
				3EA47BDE29F3DDFE0091AE90 /* SceneDelegate.swift */,
				3EA47C0D29F3E23E0091AE90 /* TestView.swift */,
				3EA47C1629F3E2500091AE90 /* ViewController.swift */,
				3EA47BE529F3DDFF0091AE90 /* Assets.xcassets */,
				3EA47BE729F3DDFF0091AE90 /* LaunchScreen.storyboard */,
				3EA47BEA29F3DDFF0091AE90 /* Info.plist */,
				3EA47C2429F401400091AE90 /* ExampleTinkoffListItem.swift */,
			);
			path = Test1;
			sourceTree = "<group>";
		};
		3EA47BF229F3DDFF0091AE90 /* Test1Tests */ = {
			isa = PBXGroup;
			children = (
				3EA47BF329F3DDFF0091AE90 /* Test1Tests.swift */,
			);
			path = Test1Tests;
			sourceTree = "<group>";
		};
		3EA47BFC29F3DDFF0091AE90 /* Test1UITests */ = {
			isa = PBXGroup;
			children = (
				3EA47BFD29F3DDFF0091AE90 /* Test1UITests.swift */,
				3EA47BFF29F3DDFF0091AE90 /* Test1UITestsLaunchTests.swift */,
			);
			path = Test1UITests;
			sourceTree = "<group>";
		};
		3EA47C2E29F41CA20091AE90 /* Packages */ = {
			isa = PBXGroup;
			children = (
				3EA47C2F29F41CA20091AE90 /* Tinkoff23-Final */,
			);
			name = Packages;
			sourceTree = "<group>";
		};
		3EA47C3029F41CF60091AE90 /* Frameworks */ = {
			isa = PBXGroup;
			children = (
			);
			name = Frameworks;
			sourceTree = "<group>";
		};
/* End PBXGroup section */

/* Begin PBXNativeTarget section */
		3EA47BD829F3DDFE0091AE90 /* Test1 */ = {
			isa = PBXNativeTarget;
			buildConfigurationList = 3EA47C0329F3DDFF0091AE90 /* Build configuration list for PBXNativeTarget "Test1" */;
			buildPhases = (
				3EA47BD529F3DDFE0091AE90 /* Sources */,
				3EA47BD629F3DDFE0091AE90 /* Frameworks */,
				3EA47BD729F3DDFE0091AE90 /* Resources */,
			);
			buildRules = (
			);
			dependencies = (
			);
			name = Test1;
			packageProductDependencies = (
				3EA47C3129F41CF60091AE90 /* Tinkoff23-Final */,
			);
			productName = Test1;
			productReference = 3EA47BD929F3DDFE0091AE90 /* Test1.app */;
			productType = "com.apple.product-type.application";
		};
		3EA47BEE29F3DDFF0091AE90 /* Test1Tests */ = {
			isa = PBXNativeTarget;
			buildConfigurationList = 3EA47C0629F3DDFF0091AE90 /* Build configuration list for PBXNativeTarget "Test1Tests" */;
			buildPhases = (
				3EA47BEB29F3DDFF0091AE90 /* Sources */,
				3EA47BEC29F3DDFF0091AE90 /* Frameworks */,
				3EA47BED29F3DDFF0091AE90 /* Resources */,
			);
			buildRules = (
			);
			dependencies = (
				3EA47BF129F3DDFF0091AE90 /* PBXTargetDependency */,
			);
			name = Test1Tests;
			productName = Test1Tests;
			productReference = 3EA47BEF29F3DDFF0091AE90 /* Test1Tests.xctest */;
			productType = "com.apple.product-type.bundle.unit-test";
		};
		3EA47BF829F3DDFF0091AE90 /* Test1UITests */ = {
			isa = PBXNativeTarget;
			buildConfigurationList = 3EA47C0929F3DDFF0091AE90 /* Build configuration list for PBXNativeTarget "Test1UITests" */;
			buildPhases = (
				3EA47BF529F3DDFF0091AE90 /* Sources */,
				3EA47BF629F3DDFF0091AE90 /* Frameworks */,
				3EA47BF729F3DDFF0091AE90 /* Resources */,
			);
			buildRules = (
			);
			dependencies = (
				3EA47BFB29F3DDFF0091AE90 /* PBXTargetDependency */,
			);
			name = Test1UITests;
			productName = Test1UITests;
			productReference = 3EA47BF929F3DDFF0091AE90 /* Test1UITests.xctest */;
			productType = "com.apple.product-type.bundle.ui-testing";
		};
/* End PBXNativeTarget section */

/* Begin PBXProject section */
		3EA47BD129F3DDFE0091AE90 /* Project object */ = {
			isa = PBXProject;
			attributes = {
				BuildIndependentTargetsInParallel = 1;
				LastSwiftUpdateCheck = 1410;
				LastUpgradeCheck = 1410;
				TargetAttributes = {
					3EA47BD829F3DDFE0091AE90 = {
						CreatedOnToolsVersion = 14.1;
					};
					3EA47BEE29F3DDFF0091AE90 = {
						CreatedOnToolsVersion = 14.1;
						TestTargetID = 3EA47BD829F3DDFE0091AE90;
					};
					3EA47BF829F3DDFF0091AE90 = {
						CreatedOnToolsVersion = 14.1;
						TestTargetID = 3EA47BD829F3DDFE0091AE90;
					};
				};
			};
			buildConfigurationList = 3EA47BD429F3DDFE0091AE90 /* Build configuration list for PBXProject "Test1" */;
			compatibilityVersion = "Xcode 14.0";
			developmentRegion = en;
			hasScannedForEncodings = 0;
			knownRegions = (
				en,
				Base,
			);
			mainGroup = 3EA47BD029F3DDFE0091AE90;
			productRefGroup = 3EA47BDA29F3DDFE0091AE90 /* Products */;
			projectDirPath = "";
			projectRoot = "";
			targets = (
				3EA47BD829F3DDFE0091AE90 /* Test1 */,
				3EA47BEE29F3DDFF0091AE90 /* Test1Tests */,
				3EA47BF829F3DDFF0091AE90 /* Test1UITests */,
			);
		};
/* End PBXProject section */

/* Begin PBXResourcesBuildPhase section */
		3EA47BD729F3DDFE0091AE90 /* Resources */ = {
			isa = PBXResourcesBuildPhase;
			buildActionMask = 2147483647;
			files = (
				3EA47BE929F3DDFF0091AE90 /* LaunchScreen.storyboard in Resources */,
				3EA47BE629F3DDFF0091AE90 /* Assets.xcassets in Resources */,
			);
			runOnlyForDeploymentPostprocessing = 0;
		};
		3EA47BED29F3DDFF0091AE90 /* Resources */ = {
			isa = PBXResourcesBuildPhase;
			buildActionMask = 2147483647;
			files = (
			);
			runOnlyForDeploymentPostprocessing = 0;
		};
		3EA47BF729F3DDFF0091AE90 /* Resources */ = {
			isa = PBXResourcesBuildPhase;
			buildActionMask = 2147483647;
			files = (
			);
			runOnlyForDeploymentPostprocessing = 0;
		};
/* End PBXResourcesBuildPhase section */

/* Begin PBXSourcesBuildPhase section */
		3EA47BD529F3DDFE0091AE90 /* Sources */ = {
			isa = PBXSourcesBuildPhase;
			buildActionMask = 2147483647;
			files = (
				3EA47C1229F3E23E0091AE90 /* TestView.swift in Sources */,
				3EA47C1729F3E2500091AE90 /* ViewController.swift in Sources */,
				3EA47C2529F401400091AE90 /* ExampleTinkoffListItem.swift in Sources */,
				3EA47C3429F41F3B0091AE90 /* UIStackView+extension.swift in Sources */,
				3EA47BDD29F3DDFE0091AE90 /* AppDelegate.swift in Sources */,
				3EA47BDF29F3DDFE0091AE90 /* SceneDelegate.swift in Sources */,
			);
			runOnlyForDeploymentPostprocessing = 0;
		};
		3EA47BEB29F3DDFF0091AE90 /* Sources */ = {
			isa = PBXSourcesBuildPhase;
			buildActionMask = 2147483647;
			files = (
				3EA47BF429F3DDFF0091AE90 /* Test1Tests.swift in Sources */,
			);
			runOnlyForDeploymentPostprocessing = 0;
		};
		3EA47BF529F3DDFF0091AE90 /* Sources */ = {
			isa = PBXSourcesBuildPhase;
			buildActionMask = 2147483647;
			files = (
				3EA47C0029F3DDFF0091AE90 /* Test1UITestsLaunchTests.swift in Sources */,
				3EA47BFE29F3DDFF0091AE90 /* Test1UITests.swift in Sources */,
			);
			runOnlyForDeploymentPostprocessing = 0;
		};
/* End PBXSourcesBuildPhase section */

/* Begin PBXTargetDependency section */
		3EA47BF129F3DDFF0091AE90 /* PBXTargetDependency */ = {
			isa = PBXTargetDependency;
			target = 3EA47BD829F3DDFE0091AE90 /* Test1 */;
			targetProxy = 3EA47BF029F3DDFF0091AE90 /* PBXContainerItemProxy */;
		};
		3EA47BFB29F3DDFF0091AE90 /* PBXTargetDependency */ = {
			isa = PBXTargetDependency;
			target = 3EA47BD829F3DDFE0091AE90 /* Test1 */;
			targetProxy = 3EA47BFA29F3DDFF0091AE90 /* PBXContainerItemProxy */;
		};
/* End PBXTargetDependency section */

/* Begin PBXVariantGroup section */
		3EA47BE729F3DDFF0091AE90 /* LaunchScreen.storyboard */ = {
			isa = PBXVariantGroup;
			children = (
				3EA47BE829F3DDFF0091AE90 /* Base */,
			);
			name = LaunchScreen.storyboard;
			sourceTree = "<group>";
		};
/* End PBXVariantGroup section */

/* Begin XCBuildConfiguration section */
		3EA47C0129F3DDFF0091AE90 /* Debug */ = {
			isa = XCBuildConfiguration;
			buildSettings = {
				ALWAYS_SEARCH_USER_PATHS = NO;
				CLANG_ANALYZER_NONNULL = YES;
				CLANG_ANALYZER_NUMBER_OBJECT_CONVERSION = YES_AGGRESSIVE;
				CLANG_CXX_LANGUAGE_STANDARD = "gnu++20";
				CLANG_ENABLE_MODULES = YES;
				CLANG_ENABLE_OBJC_ARC = YES;
				CLANG_ENABLE_OBJC_WEAK = YES;
				CLANG_WARN_BLOCK_CAPTURE_AUTORELEASING = YES;
				CLANG_WARN_BOOL_CONVERSION = YES;
				CLANG_WARN_COMMA = YES;
				CLANG_WARN_CONSTANT_CONVERSION = YES;
				CLANG_WARN_DEPRECATED_OBJC_IMPLEMENTATIONS = YES;
				CLANG_WARN_DIRECT_OBJC_ISA_USAGE = YES_ERROR;
				CLANG_WARN_DOCUMENTATION_COMMENTS = YES;
				CLANG_WARN_EMPTY_BODY = YES;
				CLANG_WARN_ENUM_CONVERSION = YES;
				CLANG_WARN_INFINITE_RECURSION = YES;
				CLANG_WARN_INT_CONVERSION = YES;
				CLANG_WARN_NON_LITERAL_NULL_CONVERSION = YES;
				CLANG_WARN_OBJC_IMPLICIT_RETAIN_SELF = YES;
				CLANG_WARN_OBJC_LITERAL_CONVERSION = YES;
				CLANG_WARN_OBJC_ROOT_CLASS = YES_ERROR;
				CLANG_WARN_QUOTED_INCLUDE_IN_FRAMEWORK_HEADER = YES;
				CLANG_WARN_RANGE_LOOP_ANALYSIS = YES;
				CLANG_WARN_STRICT_PROTOTYPES = YES;
				CLANG_WARN_SUSPICIOUS_MOVE = YES;
				CLANG_WARN_UNGUARDED_AVAILABILITY = YES_AGGRESSIVE;
				CLANG_WARN_UNREACHABLE_CODE = YES;
				CLANG_WARN__DUPLICATE_METHOD_MATCH = YES;
				COPY_PHASE_STRIP = NO;
				DEBUG_INFORMATION_FORMAT = dwarf;
				ENABLE_STRICT_OBJC_MSGSEND = YES;
				ENABLE_TESTABILITY = YES;
				GCC_C_LANGUAGE_STANDARD = gnu11;
				GCC_DYNAMIC_NO_PIC = NO;
				GCC_NO_COMMON_BLOCKS = YES;
				GCC_OPTIMIZATION_LEVEL = 0;
				GCC_PREPROCESSOR_DEFINITIONS = (
					"DEBUG=1",
					"$(inherited)",
				);
				GCC_WARN_64_TO_32_BIT_CONVERSION = YES;
				GCC_WARN_ABOUT_RETURN_TYPE = YES_ERROR;
				GCC_WARN_UNDECLARED_SELECTOR = YES;
				GCC_WARN_UNINITIALIZED_AUTOS = YES_AGGRESSIVE;
				GCC_WARN_UNUSED_FUNCTION = YES;
				GCC_WARN_UNUSED_VARIABLE = YES;
				IPHONEOS_DEPLOYMENT_TARGET = 14.0;
				MTL_ENABLE_DEBUG_INFO = INCLUDE_SOURCE;
				MTL_FAST_MATH = YES;
				ONLY_ACTIVE_ARCH = YES;
				SDKROOT = iphoneos;
				SWIFT_ACTIVE_COMPILATION_CONDITIONS = DEBUG;
				SWIFT_OPTIMIZATION_LEVEL = "-Onone";
			};
			name = Debug;
		};
		3EA47C0229F3DDFF0091AE90 /* Release */ = {
			isa = XCBuildConfiguration;
			buildSettings = {
				ALWAYS_SEARCH_USER_PATHS = NO;
				CLANG_ANALYZER_NONNULL = YES;
				CLANG_ANALYZER_NUMBER_OBJECT_CONVERSION = YES_AGGRESSIVE;
				CLANG_CXX_LANGUAGE_STANDARD = "gnu++20";
				CLANG_ENABLE_MODULES = YES;
				CLANG_ENABLE_OBJC_ARC = YES;
				CLANG_ENABLE_OBJC_WEAK = YES;
				CLANG_WARN_BLOCK_CAPTURE_AUTORELEASING = YES;
				CLANG_WARN_BOOL_CONVERSION = YES;
				CLANG_WARN_COMMA = YES;
				CLANG_WARN_CONSTANT_CONVERSION = YES;
				CLANG_WARN_DEPRECATED_OBJC_IMPLEMENTATIONS = YES;
				CLANG_WARN_DIRECT_OBJC_ISA_USAGE = YES_ERROR;
				CLANG_WARN_DOCUMENTATION_COMMENTS = YES;
				CLANG_WARN_EMPTY_BODY = YES;
				CLANG_WARN_ENUM_CONVERSION = YES;
				CLANG_WARN_INFINITE_RECURSION = YES;
				CLANG_WARN_INT_CONVERSION = YES;
				CLANG_WARN_NON_LITERAL_NULL_CONVERSION = YES;
				CLANG_WARN_OBJC_IMPLICIT_RETAIN_SELF = YES;
				CLANG_WARN_OBJC_LITERAL_CONVERSION = YES;
				CLANG_WARN_OBJC_ROOT_CLASS = YES_ERROR;
				CLANG_WARN_QUOTED_INCLUDE_IN_FRAMEWORK_HEADER = YES;
				CLANG_WARN_RANGE_LOOP_ANALYSIS = YES;
				CLANG_WARN_STRICT_PROTOTYPES = YES;
				CLANG_WARN_SUSPICIOUS_MOVE = YES;
				CLANG_WARN_UNGUARDED_AVAILABILITY = YES_AGGRESSIVE;
				CLANG_WARN_UNREACHABLE_CODE = YES;
				CLANG_WARN__DUPLICATE_METHOD_MATCH = YES;
				COPY_PHASE_STRIP = NO;
				DEBUG_INFORMATION_FORMAT = "dwarf-with-dsym";
				ENABLE_NS_ASSERTIONS = NO;
				ENABLE_STRICT_OBJC_MSGSEND = YES;
				GCC_C_LANGUAGE_STANDARD = gnu11;
				GCC_NO_COMMON_BLOCKS = YES;
				GCC_WARN_64_TO_32_BIT_CONVERSION = YES;
				GCC_WARN_ABOUT_RETURN_TYPE = YES_ERROR;
				GCC_WARN_UNDECLARED_SELECTOR = YES;
				GCC_WARN_UNINITIALIZED_AUTOS = YES_AGGRESSIVE;
				GCC_WARN_UNUSED_FUNCTION = YES;
				GCC_WARN_UNUSED_VARIABLE = YES;
				IPHONEOS_DEPLOYMENT_TARGET = 14.0;
				MTL_ENABLE_DEBUG_INFO = NO;
				MTL_FAST_MATH = YES;
				SDKROOT = iphoneos;
				SWIFT_COMPILATION_MODE = wholemodule;
				SWIFT_OPTIMIZATION_LEVEL = "-O";
				VALIDATE_PRODUCT = YES;
			};
			name = Release;
		};
		3EA47C0429F3DDFF0091AE90 /* Debug */ = {
			isa = XCBuildConfiguration;
			buildSettings = {
				ASSETCATALOG_COMPILER_APPICON_NAME = AppIcon;
				ASSETCATALOG_COMPILER_GLOBAL_ACCENT_COLOR_NAME = AccentColor;
				CODE_SIGN_STYLE = Automatic;
				CURRENT_PROJECT_VERSION = 1;
				DEVELOPMENT_TEAM = S4TJY8UCM7;
				GENERATE_INFOPLIST_FILE = YES;
				INFOPLIST_FILE = Test1/Info.plist;
				INFOPLIST_KEY_UIApplicationSupportsIndirectInputEvents = YES;
				INFOPLIST_KEY_UILaunchStoryboardName = LaunchScreen;
				INFOPLIST_KEY_UIMainStoryboardFile = "";
				INFOPLIST_KEY_UISupportedInterfaceOrientations_iPad = "UIInterfaceOrientationPortrait UIInterfaceOrientationPortraitUpsideDown UIInterfaceOrientationLandscapeLeft UIInterfaceOrientationLandscapeRight";
				INFOPLIST_KEY_UISupportedInterfaceOrientations_iPhone = "UIInterfaceOrientationPortrait UIInterfaceOrientationLandscapeLeft UIInterfaceOrientationLandscapeRight";
				IPHONEOS_DEPLOYMENT_TARGET = 14.0;
				LD_RUNPATH_SEARCH_PATHS = (
					"$(inherited)",
					"@executable_path/Frameworks",
				);
				MARKETING_VERSION = 1.0;
				PRODUCT_BUNDLE_IDENTIFIER = com.stefjen07.Test1;
				PRODUCT_NAME = "$(TARGET_NAME)";
				SWIFT_EMIT_LOC_STRINGS = YES;
				SWIFT_VERSION = 5.0;
				TARGETED_DEVICE_FAMILY = "1,2";
			};
			name = Debug;
		};
		3EA47C0529F3DDFF0091AE90 /* Release */ = {
			isa = XCBuildConfiguration;
			buildSettings = {
				ASSETCATALOG_COMPILER_APPICON_NAME = AppIcon;
				ASSETCATALOG_COMPILER_GLOBAL_ACCENT_COLOR_NAME = AccentColor;
				CODE_SIGN_STYLE = Automatic;
				CURRENT_PROJECT_VERSION = 1;
				DEVELOPMENT_TEAM = S4TJY8UCM7;
				GENERATE_INFOPLIST_FILE = YES;
				INFOPLIST_FILE = Test1/Info.plist;
				INFOPLIST_KEY_UIApplicationSupportsIndirectInputEvents = YES;
				INFOPLIST_KEY_UILaunchStoryboardName = LaunchScreen;
				INFOPLIST_KEY_UIMainStoryboardFile = "";
				INFOPLIST_KEY_UISupportedInterfaceOrientations_iPad = "UIInterfaceOrientationPortrait UIInterfaceOrientationPortraitUpsideDown UIInterfaceOrientationLandscapeLeft UIInterfaceOrientationLandscapeRight";
				INFOPLIST_KEY_UISupportedInterfaceOrientations_iPhone = "UIInterfaceOrientationPortrait UIInterfaceOrientationLandscapeLeft UIInterfaceOrientationLandscapeRight";
				IPHONEOS_DEPLOYMENT_TARGET = 14.0;
				LD_RUNPATH_SEARCH_PATHS = (
					"$(inherited)",
					"@executable_path/Frameworks",
				);
				MARKETING_VERSION = 1.0;
				PRODUCT_BUNDLE_IDENTIFIER = com.stefjen07.Test1;
				PRODUCT_NAME = "$(TARGET_NAME)";
				SWIFT_EMIT_LOC_STRINGS = YES;
				SWIFT_VERSION = 5.0;
				TARGETED_DEVICE_FAMILY = "1,2";
			};
			name = Release;
		};
		3EA47C0729F3DDFF0091AE90 /* Debug */ = {
			isa = XCBuildConfiguration;
			buildSettings = {
				ALWAYS_EMBED_SWIFT_STANDARD_LIBRARIES = YES;
				BUNDLE_LOADER = "$(TEST_HOST)";
				CODE_SIGN_STYLE = Automatic;
				CURRENT_PROJECT_VERSION = 1;
				DEVELOPMENT_TEAM = S4TJY8UCM7;
				GENERATE_INFOPLIST_FILE = YES;
				IPHONEOS_DEPLOYMENT_TARGET = 16.1;
				MARKETING_VERSION = 1.0;
				PRODUCT_BUNDLE_IDENTIFIER = com.stefjen07.Test1Tests;
				PRODUCT_NAME = "$(TARGET_NAME)";
				SWIFT_EMIT_LOC_STRINGS = NO;
				SWIFT_VERSION = 5.0;
				TARGETED_DEVICE_FAMILY = "1,2";
				TEST_HOST = "$(BUILT_PRODUCTS_DIR)/Test1.app/$(BUNDLE_EXECUTABLE_FOLDER_PATH)/Test1";
			};
			name = Debug;
		};
		3EA47C0829F3DDFF0091AE90 /* Release */ = {
			isa = XCBuildConfiguration;
			buildSettings = {
				ALWAYS_EMBED_SWIFT_STANDARD_LIBRARIES = YES;
				BUNDLE_LOADER = "$(TEST_HOST)";
				CODE_SIGN_STYLE = Automatic;
				CURRENT_PROJECT_VERSION = 1;
				DEVELOPMENT_TEAM = S4TJY8UCM7;
				GENERATE_INFOPLIST_FILE = YES;
				IPHONEOS_DEPLOYMENT_TARGET = 16.1;
				MARKETING_VERSION = 1.0;
				PRODUCT_BUNDLE_IDENTIFIER = com.stefjen07.Test1Tests;
				PRODUCT_NAME = "$(TARGET_NAME)";
				SWIFT_EMIT_LOC_STRINGS = NO;
				SWIFT_VERSION = 5.0;
				TARGETED_DEVICE_FAMILY = "1,2";
				TEST_HOST = "$(BUILT_PRODUCTS_DIR)/Test1.app/$(BUNDLE_EXECUTABLE_FOLDER_PATH)/Test1";
			};
			name = Release;
		};
		3EA47C0A29F3DDFF0091AE90 /* Debug */ = {
			isa = XCBuildConfiguration;
			buildSettings = {
				ALWAYS_EMBED_SWIFT_STANDARD_LIBRARIES = YES;
				CODE_SIGN_STYLE = Automatic;
				CURRENT_PROJECT_VERSION = 1;
				DEVELOPMENT_TEAM = S4TJY8UCM7;
				GENERATE_INFOPLIST_FILE = YES;
				MARKETING_VERSION = 1.0;
				PRODUCT_BUNDLE_IDENTIFIER = com.stefjen07.Test1UITests;
				PRODUCT_NAME = "$(TARGET_NAME)";
				SWIFT_EMIT_LOC_STRINGS = NO;
				SWIFT_VERSION = 5.0;
				TARGETED_DEVICE_FAMILY = "1,2";
				TEST_TARGET_NAME = Test1;
			};
			name = Debug;
		};
		3EA47C0B29F3DDFF0091AE90 /* Release */ = {
			isa = XCBuildConfiguration;
			buildSettings = {
				ALWAYS_EMBED_SWIFT_STANDARD_LIBRARIES = YES;
				CODE_SIGN_STYLE = Automatic;
				CURRENT_PROJECT_VERSION = 1;
				DEVELOPMENT_TEAM = S4TJY8UCM7;
				GENERATE_INFOPLIST_FILE = YES;
				MARKETING_VERSION = 1.0;
				PRODUCT_BUNDLE_IDENTIFIER = com.stefjen07.Test1UITests;
				PRODUCT_NAME = "$(TARGET_NAME)";
				SWIFT_EMIT_LOC_STRINGS = NO;
				SWIFT_VERSION = 5.0;
				TARGETED_DEVICE_FAMILY = "1,2";
				TEST_TARGET_NAME = Test1;
			};
			name = Release;
		};
/* End XCBuildConfiguration section */

/* Begin XCConfigurationList section */
		3EA47BD429F3DDFE0091AE90 /* Build configuration list for PBXProject "Test1" */ = {
			isa = XCConfigurationList;
			buildConfigurations = (
				3EA47C0129F3DDFF0091AE90 /* Debug */,
				3EA47C0229F3DDFF0091AE90 /* Release */,
			);
			defaultConfigurationIsVisible = 0;
			defaultConfigurationName = Release;
		};
		3EA47C0329F3DDFF0091AE90 /* Build configuration list for PBXNativeTarget "Test1" */ = {
			isa = XCConfigurationList;
			buildConfigurations = (
				3EA47C0429F3DDFF0091AE90 /* Debug */,
				3EA47C0529F3DDFF0091AE90 /* Release */,
			);
			defaultConfigurationIsVisible = 0;
			defaultConfigurationName = Release;
		};
		3EA47C0629F3DDFF0091AE90 /* Build configuration list for PBXNativeTarget "Test1Tests" */ = {
			isa = XCConfigurationList;
			buildConfigurations = (
				3EA47C0729F3DDFF0091AE90 /* Debug */,
				3EA47C0829F3DDFF0091AE90 /* Release */,
			);
			defaultConfigurationIsVisible = 0;
			defaultConfigurationName = Release;
		};
		3EA47C0929F3DDFF0091AE90 /* Build configuration list for PBXNativeTarget "Test1UITests" */ = {
			isa = XCConfigurationList;
			buildConfigurations = (
				3EA47C0A29F3DDFF0091AE90 /* Debug */,
				3EA47C0B29F3DDFF0091AE90 /* Release */,
			);
			defaultConfigurationIsVisible = 0;
			defaultConfigurationName = Release;
		};
/* End XCConfigurationList section */

/* Begin XCSwiftPackageProductDependency section */
		3EA47C3129F41CF60091AE90 /* Tinkoff23-Final */ = {
			isa = XCSwiftPackageProductDependency;
			productName = "Tinkoff23-Final";
		};
/* End XCSwiftPackageProductDependency section */
	};
	rootObject = 3EA47BD129F3DDFE0091AE90 /* Project object */;
}
